// !$*UTF8*$!
{
	archiveVersion = 1;
	classes = {
	};
	objectVersion = 46;
	objects = {

/* Begin PBXBuildFile section */
		8F63B14B17131D9500458200 /* UIKit.framework in Frameworks */ = {isa = PBXBuildFile; fileRef = 8F63B14A17131D9500458200 /* UIKit.framework */; };
		8F63B14D17131D9500458200 /* Foundation.framework in Frameworks */ = {isa = PBXBuildFile; fileRef = 8F63B14C17131D9500458200 /* Foundation.framework */; };
		8F63B14F17131D9500458200 /* CoreGraphics.framework in Frameworks */ = {isa = PBXBuildFile; fileRef = 8F63B14E17131D9500458200 /* CoreGraphics.framework */; };
		8F63B15517131D9500458200 /* InfoPlist.strings in Resources */ = {isa = PBXBuildFile; fileRef = 8F63B15317131D9500458200 /* InfoPlist.strings */; };
		8F63B15717131D9500458200 /* main.m in Sources */ = {isa = PBXBuildFile; fileRef = 8F63B15617131D9500458200 /* main.m */; };
		8F63B15B17131D9500458200 /* CatapultAppDelegate.m in Sources */ = {isa = PBXBuildFile; fileRef = 8F63B15A17131D9500458200 /* CatapultAppDelegate.m */; };
		8F63B15D17131D9500458200 /* Default.png in Resources */ = {isa = PBXBuildFile; fileRef = 8F63B15C17131D9500458200 /* Default.png */; };
		8F63B15F17131D9500458200 /* Default@2x.png in Resources */ = {isa = PBXBuildFile; fileRef = 8F63B15E17131D9500458200 /* Default@2x.png */; };
		8F63B16117131D9500458200 /* Default-568h@2x.png in Resources */ = {isa = PBXBuildFile; fileRef = 8F63B16017131D9500458200 /* Default-568h@2x.png */; };
		8F63B16417131D9500458200 /* MainStoryboard.storyboard in Resources */ = {isa = PBXBuildFile; fileRef = 8F63B16217131D9500458200 /* MainStoryboard.storyboard */; };
		8F63B17217131DF700458200 /* JASidePanelController.m in Sources */ = {isa = PBXBuildFile; fileRef = 8F63B16F17131DF700458200 /* JASidePanelController.m */; };
		8F63B17317131DF700458200 /* UIViewController+JASidePanel.m in Sources */ = {isa = PBXBuildFile; fileRef = 8F63B17117131DF700458200 /* UIViewController+JASidePanel.m */; };
		8F63B176171322DE00458200 /* CatapultSlidePanelController.m in Sources */ = {isa = PBXBuildFile; fileRef = 8F63B175171322DE00458200 /* CatapultSlidePanelController.m */; };
		8F63B179171325A900458200 /* CatapultContactsViewController.m in Sources */ = {isa = PBXBuildFile; fileRef = 8F63B178171325A900458200 /* CatapultContactsViewController.m */; };
		8F63B17E1713260A00458200 /* QuartzCore.framework in Frameworks */ = {isa = PBXBuildFile; fileRef = 8F63B17D1713260A00458200 /* QuartzCore.framework */; };
		8FA1B30D171410CA00348996 /* CatapultCenterTableViewController.m in Sources */ = {isa = PBXBuildFile; fileRef = 8FA1B30C171410CA00348996 /* CatapultCenterTableViewController.m */; };
		8FA1B3101714119500348996 /* CatapultSettingsTableViewController.m in Sources */ = {isa = PBXBuildFile; fileRef = 8FA1B30F1714119500348996 /* CatapultSettingsTableViewController.m */; };
		8FA1B3131714128400348996 /* CatapultAccountsTableViewController.m in Sources */ = {isa = PBXBuildFile; fileRef = 8FA1B3121714128400348996 /* CatapultAccountsTableViewController.m */; };
		8FABB8EF17132F910065DD62 /* CatapultMenuTableViewController.m in Sources */ = {isa = PBXBuildFile; fileRef = 8FABB8EE17132F910065DD62 /* CatapultMenuTableViewController.m */; };
		8FABB8F2171330B80065DD62 /* CatapultDealsViewController.m in Sources */ = {isa = PBXBuildFile; fileRef = 8FABB8F1171330B80065DD62 /* CatapultDealsViewController.m */; };
		8FABB8F5171330FE0065DD62 /* Menu.png in Resources */ = {isa = PBXBuildFile; fileRef = 8FABB8F3171330FE0065DD62 /* Menu.png */; };
		8FABB8F6171330FE0065DD62 /* Menu@2x copy.png in Resources */ = {isa = PBXBuildFile; fileRef = 8FABB8F4171330FE0065DD62 /* Menu@2x copy.png */; };
		8FABB8F9171349170065DD62 /* CatapultCenterViewController.m in Sources */ = {isa = PBXBuildFile; fileRef = 8FABB8F8171349170065DD62 /* CatapultCenterViewController.m */; };
/* End PBXBuildFile section */

/* Begin PBXFileReference section */
		8F63B14717131D9500458200 /* Catapult.app */ = {isa = PBXFileReference; explicitFileType = wrapper.application; includeInIndex = 0; path = Catapult.app; sourceTree = BUILT_PRODUCTS_DIR; };
		8F63B14A17131D9500458200 /* UIKit.framework */ = {isa = PBXFileReference; lastKnownFileType = wrapper.framework; name = UIKit.framework; path = System/Library/Frameworks/UIKit.framework; sourceTree = SDKROOT; };
		8F63B14C17131D9500458200 /* Foundation.framework */ = {isa = PBXFileReference; lastKnownFileType = wrapper.framework; name = Foundation.framework; path = System/Library/Frameworks/Foundation.framework; sourceTree = SDKROOT; };
		8F63B14E17131D9500458200 /* CoreGraphics.framework */ = {isa = PBXFileReference; lastKnownFileType = wrapper.framework; name = CoreGraphics.framework; path = System/Library/Frameworks/CoreGraphics.framework; sourceTree = SDKROOT; };
		8F63B15217131D9500458200 /* Catapult-Info.plist */ = {isa = PBXFileReference; lastKnownFileType = text.plist.xml; path = "Catapult-Info.plist"; sourceTree = "<group>"; };
		8F63B15417131D9500458200 /* en */ = {isa = PBXFileReference; lastKnownFileType = text.plist.strings; name = en; path = en.lproj/InfoPlist.strings; sourceTree = "<group>"; };
		8F63B15617131D9500458200 /* main.m */ = {isa = PBXFileReference; lastKnownFileType = sourcecode.c.objc; path = main.m; sourceTree = "<group>"; };
		8F63B15817131D9500458200 /* Catapult-Prefix.pch */ = {isa = PBXFileReference; lastKnownFileType = sourcecode.c.h; path = "Catapult-Prefix.pch"; sourceTree = "<group>"; };
		8F63B15917131D9500458200 /* CatapultAppDelegate.h */ = {isa = PBXFileReference; lastKnownFileType = sourcecode.c.h; path = CatapultAppDelegate.h; sourceTree = "<group>"; };
		8F63B15A17131D9500458200 /* CatapultAppDelegate.m */ = {isa = PBXFileReference; lastKnownFileType = sourcecode.c.objc; path = CatapultAppDelegate.m; sourceTree = "<group>"; };
		8F63B15C17131D9500458200 /* Default.png */ = {isa = PBXFileReference; lastKnownFileType = image.png; path = Default.png; sourceTree = "<group>"; };
		8F63B15E17131D9500458200 /* Default@2x.png */ = {isa = PBXFileReference; lastKnownFileType = image.png; path = "Default@2x.png"; sourceTree = "<group>"; };
		8F63B16017131D9500458200 /* Default-568h@2x.png */ = {isa = PBXFileReference; lastKnownFileType = image.png; path = "Default-568h@2x.png"; sourceTree = "<group>"; };
		8F63B16317131D9500458200 /* en */ = {isa = PBXFileReference; lastKnownFileType = file.storyboard; name = en; path = en.lproj/MainStoryboard.storyboard; sourceTree = "<group>"; };
		8F63B16E17131DF700458200 /* JASidePanelController.h */ = {isa = PBXFileReference; fileEncoding = 4; lastKnownFileType = sourcecode.c.h; path = JASidePanelController.h; sourceTree = "<group>"; };
		8F63B16F17131DF700458200 /* JASidePanelController.m */ = {isa = PBXFileReference; fileEncoding = 4; lastKnownFileType = sourcecode.c.objc; path = JASidePanelController.m; sourceTree = "<group>"; };
		8F63B17017131DF700458200 /* UIViewController+JASidePanel.h */ = {isa = PBXFileReference; fileEncoding = 4; lastKnownFileType = sourcecode.c.h; path = "UIViewController+JASidePanel.h"; sourceTree = "<group>"; };
		8F63B17117131DF700458200 /* UIViewController+JASidePanel.m */ = {isa = PBXFileReference; fileEncoding = 4; lastKnownFileType = sourcecode.c.objc; path = "UIViewController+JASidePanel.m"; sourceTree = "<group>"; };
		8F63B174171322DE00458200 /* CatapultSlidePanelController.h */ = {isa = PBXFileReference; fileEncoding = 4; lastKnownFileType = sourcecode.c.h; path = CatapultSlidePanelController.h; sourceTree = "<group>"; };
		8F63B175171322DE00458200 /* CatapultSlidePanelController.m */ = {isa = PBXFileReference; fileEncoding = 4; lastKnownFileType = sourcecode.c.objc; path = CatapultSlidePanelController.m; sourceTree = "<group>"; };
		8F63B177171325A900458200 /* CatapultContactsViewController.h */ = {isa = PBXFileReference; fileEncoding = 4; lastKnownFileType = sourcecode.c.h; path = CatapultContactsViewController.h; sourceTree = "<group>"; };
		8F63B178171325A900458200 /* CatapultContactsViewController.m */ = {isa = PBXFileReference; fileEncoding = 4; lastKnownFileType = sourcecode.c.objc; path = CatapultContactsViewController.m; sourceTree = "<group>"; };
		8F63B17D1713260A00458200 /* QuartzCore.framework */ = {isa = PBXFileReference; lastKnownFileType = wrapper.framework; name = QuartzCore.framework; path = System/Library/Frameworks/QuartzCore.framework; sourceTree = SDKROOT; };
		8FA1B30B171410CA00348996 /* CatapultCenterTableViewController.h */ = {isa = PBXFileReference; fileEncoding = 4; lastKnownFileType = sourcecode.c.h; path = CatapultCenterTableViewController.h; sourceTree = "<group>"; };
		8FA1B30C171410CA00348996 /* CatapultCenterTableViewController.m */ = {isa = PBXFileReference; fileEncoding = 4; lastKnownFileType = sourcecode.c.objc; path = CatapultCenterTableViewController.m; sourceTree = "<group>"; };
		8FA1B30E1714119500348996 /* CatapultSettingsTableViewController.h */ = {isa = PBXFileReference; fileEncoding = 4; lastKnownFileType = sourcecode.c.h; path = CatapultSettingsTableViewController.h; sourceTree = "<group>"; };
		8FA1B30F1714119500348996 /* CatapultSettingsTableViewController.m */ = {isa = PBXFileReference; fileEncoding = 4; lastKnownFileType = sourcecode.c.objc; path = CatapultSettingsTableViewController.m; sourceTree = "<group>"; };
		8FA1B3111714128400348996 /* CatapultAccountsTableViewController.h */ = {isa = PBXFileReference; fileEncoding = 4; lastKnownFileType = sourcecode.c.h; path = CatapultAccountsTableViewController.h; sourceTree = "<group>"; };
		8FA1B3121714128400348996 /* CatapultAccountsTableViewController.m */ = {isa = PBXFileReference; fileEncoding = 4; lastKnownFileType = sourcecode.c.objc; path = CatapultAccountsTableViewController.m; sourceTree = "<group>"; };
		8FABB8ED17132F910065DD62 /* CatapultMenuTableViewController.h */ = {isa = PBXFileReference; fileEncoding = 4; lastKnownFileType = sourcecode.c.h; path = CatapultMenuTableViewController.h; sourceTree = "<group>"; };
		8FABB8EE17132F910065DD62 /* CatapultMenuTableViewController.m */ = {isa = PBXFileReference; fileEncoding = 4; lastKnownFileType = sourcecode.c.objc; path = CatapultMenuTableViewController.m; sourceTree = "<group>"; };
		8FABB8F0171330B80065DD62 /* CatapultDealsViewController.h */ = {isa = PBXFileReference; fileEncoding = 4; lastKnownFileType = sourcecode.c.h; path = CatapultDealsViewController.h; sourceTree = "<group>"; };
		8FABB8F1171330B80065DD62 /* CatapultDealsViewController.m */ = {isa = PBXFileReference; fileEncoding = 4; lastKnownFileType = sourcecode.c.objc; path = CatapultDealsViewController.m; sourceTree = "<group>"; };
		8FABB8F3171330FE0065DD62 /* Menu.png */ = {isa = PBXFileReference; lastKnownFileType = image.png; path = Menu.png; sourceTree = "<group>"; };
		8FABB8F4171330FE0065DD62 /* Menu@2x copy.png */ = {isa = PBXFileReference; lastKnownFileType = image.png; path = "Menu@2x copy.png"; sourceTree = "<group>"; };
		8FABB8F7171349170065DD62 /* CatapultCenterViewController.h */ = {isa = PBXFileReference; fileEncoding = 4; lastKnownFileType = sourcecode.c.h; path = CatapultCenterViewController.h; sourceTree = "<group>"; };
		8FABB8F8171349170065DD62 /* CatapultCenterViewController.m */ = {isa = PBXFileReference; fileEncoding = 4; lastKnownFileType = sourcecode.c.objc; path = CatapultCenterViewController.m; sourceTree = "<group>"; };
/* End PBXFileReference section */

/* Begin PBXFrameworksBuildPhase section */
		8F63B14417131D9500458200 /* Frameworks */ = {
			isa = PBXFrameworksBuildPhase;
			buildActionMask = 2147483647;
			files = (
				8F63B17E1713260A00458200 /* QuartzCore.framework in Frameworks */,
				8F63B14B17131D9500458200 /* UIKit.framework in Frameworks */,
				8F63B14D17131D9500458200 /* Foundation.framework in Frameworks */,
				8F63B14F17131D9500458200 /* CoreGraphics.framework in Frameworks */,
			);
			runOnlyForDeploymentPostprocessing = 0;
		};
/* End PBXFrameworksBuildPhase section */

/* Begin PBXGroup section */
		8F63B13E17131D9500458200 = {
			isa = PBXGroup;
			children = (
				8F63B17D1713260A00458200 /* QuartzCore.framework */,
				8F63B15017131D9500458200 /* Catapult */,
				8F63B14917131D9500458200 /* Frameworks */,
				8F63B14817131D9500458200 /* Products */,
			);
			sourceTree = "<group>";
		};
		8F63B14817131D9500458200 /* Products */ = {
			isa = PBXGroup;
			children = (
				8F63B14717131D9500458200 /* Catapult.app */,
			);
			name = Products;
			sourceTree = "<group>";
		};
		8F63B14917131D9500458200 /* Frameworks */ = {
			isa = PBXGroup;
			children = (
				8F63B14A17131D9500458200 /* UIKit.framework */,
				8F63B14C17131D9500458200 /* Foundation.framework */,
				8F63B14E17131D9500458200 /* CoreGraphics.framework */,
			);
			name = Frameworks;
			sourceTree = "<group>";
		};
		8F63B15017131D9500458200 /* Catapult */ = {
			isa = PBXGroup;
			children = (
				8FABB90017134DEE0065DD62 /* Settings Controllers */,
				8F63B16D17131DF700458200 /* JASidePanel */,
				8F63B15917131D9500458200 /* CatapultAppDelegate.h */,
				8F63B15A17131D9500458200 /* CatapultAppDelegate.m */,
				8F63B16217131D9500458200 /* MainStoryboard.storyboard */,
				8F63B15117131D9500458200 /* Supporting Files */,
				8F63B174171322DE00458200 /* CatapultSlidePanelController.h */,
				8F63B175171322DE00458200 /* CatapultSlidePanelController.m */,
				8F63B177171325A900458200 /* CatapultContactsViewController.h */,
				8F63B178171325A900458200 /* CatapultContactsViewController.m */,
				8FABB8ED17132F910065DD62 /* CatapultMenuTableViewController.h */,
				8FABB8EE17132F910065DD62 /* CatapultMenuTableViewController.m */,
				8FABB8F0171330B80065DD62 /* CatapultDealsViewController.h */,
				8FABB8F1171330B80065DD62 /* CatapultDealsViewController.m */,
				8FABB8F7171349170065DD62 /* CatapultCenterViewController.h */,
				8FABB8F8171349170065DD62 /* CatapultCenterViewController.m */,
				8FA1B30B171410CA00348996 /* CatapultCenterTableViewController.h */,
				8FA1B30C171410CA00348996 /* CatapultCenterTableViewController.m */,
			);
			path = Catapult;
			sourceTree = "<group>";
		};
		8F63B15117131D9500458200 /* Supporting Files */ = {
			isa = PBXGroup;
			children = (
				8FABB8F3171330FE0065DD62 /* Menu.png */,
				8FABB8F4171330FE0065DD62 /* Menu@2x copy.png */,
				8F63B15217131D9500458200 /* Catapult-Info.plist */,
				8F63B15317131D9500458200 /* InfoPlist.strings */,
				8F63B15617131D9500458200 /* main.m */,
				8F63B15817131D9500458200 /* Catapult-Prefix.pch */,
				8F63B15C17131D9500458200 /* Default.png */,
				8F63B15E17131D9500458200 /* Default@2x.png */,
				8F63B16017131D9500458200 /* Default-568h@2x.png */,
			);
			name = "Supporting Files";
			sourceTree = "<group>";
		};
		8F63B16D17131DF700458200 /* JASidePanel */ = {
			isa = PBXGroup;
			children = (
				8F63B16E17131DF700458200 /* JASidePanelController.h */,
				8F63B16F17131DF700458200 /* JASidePanelController.m */,
				8F63B17017131DF700458200 /* UIViewController+JASidePanel.h */,
				8F63B17117131DF700458200 /* UIViewController+JASidePanel.m */,
			);
			path = JASidePanel;
			sourceTree = "<group>";
		};
		8FABB90017134DEE0065DD62 /* Settings Controllers */ = {
			isa = PBXGroup;
			children = (
				8FA1B30E1714119500348996 /* CatapultSettingsTableViewController.h */,
				8FA1B30F1714119500348996 /* CatapultSettingsTableViewController.m */,
				8FA1B3111714128400348996 /* CatapultAccountsTableViewController.h */,
				8FA1B3121714128400348996 /* CatapultAccountsTableViewController.m */,
			);
			name = "Settings Controllers";
			sourceTree = "<group>";
		};
/* End PBXGroup section */

/* Begin PBXNativeTarget section */
		8F63B14617131D9500458200 /* Catapult */ = {
			isa = PBXNativeTarget;
			buildConfigurationList = 8F63B16A17131D9500458200 /* Build configuration list for PBXNativeTarget "Catapult" */;
			buildPhases = (
				8F63B14317131D9500458200 /* Sources */,
				8F63B14417131D9500458200 /* Frameworks */,
				8F63B14517131D9500458200 /* Resources */,
			);
			buildRules = (
			);
			dependencies = (
			);
			name = Catapult;
			productName = Catapult;
			productReference = 8F63B14717131D9500458200 /* Catapult.app */;
			productType = "com.apple.product-type.application";
		};
/* End PBXNativeTarget section */

/* Begin PBXProject section */
		8F63B13F17131D9500458200 /* Project object */ = {
			isa = PBXProject;
			attributes = {
				CLASSPREFIX = Catapult;
				LastUpgradeCheck = 0460;
				ORGANIZATIONNAME = "Catapult Technology Ltd";
			};
			buildConfigurationList = 8F63B14217131D9500458200 /* Build configuration list for PBXProject "Catapult" */;
			compatibilityVersion = "Xcode 3.2";
			developmentRegion = English;
			hasScannedForEncodings = 0;
			knownRegions = (
				en,
			);
			mainGroup = 8F63B13E17131D9500458200;
			productRefGroup = 8F63B14817131D9500458200 /* Products */;
			projectDirPath = "";
			projectRoot = "";
			targets = (
				8F63B14617131D9500458200 /* Catapult */,
			);
		};
/* End PBXProject section */

/* Begin PBXResourcesBuildPhase section */
		8F63B14517131D9500458200 /* Resources */ = {
			isa = PBXResourcesBuildPhase;
			buildActionMask = 2147483647;
			files = (
				8F63B15517131D9500458200 /* InfoPlist.strings in Resources */,
				8F63B15D17131D9500458200 /* Default.png in Resources */,
				8F63B15F17131D9500458200 /* Default@2x.png in Resources */,
				8F63B16117131D9500458200 /* Default-568h@2x.png in Resources */,
				8F63B16417131D9500458200 /* MainStoryboard.storyboard in Resources */,
				8FABB8F5171330FE0065DD62 /* Menu.png in Resources */,
				8FABB8F6171330FE0065DD62 /* Menu@2x copy.png in Resources */,
			);
			runOnlyForDeploymentPostprocessing = 0;
		};
/* End PBXResourcesBuildPhase section */

/* Begin PBXSourcesBuildPhase section */
		8F63B14317131D9500458200 /* Sources */ = {
			isa = PBXSourcesBuildPhase;
			buildActionMask = 2147483647;
			files = (
				8F63B15717131D9500458200 /* main.m in Sources */,
				8F63B15B17131D9500458200 /* CatapultAppDelegate.m in Sources */,
				8F63B17217131DF700458200 /* JASidePanelController.m in Sources */,
				8F63B17317131DF700458200 /* UIViewController+JASidePanel.m in Sources */,
				8F63B176171322DE00458200 /* CatapultSlidePanelController.m in Sources */,
				8F63B179171325A900458200 /* CatapultContactsViewController.m in Sources */,
				8FABB8EF17132F910065DD62 /* CatapultMenuTableViewController.m in Sources */,
				8FABB8F2171330B80065DD62 /* CatapultDealsViewController.m in Sources */,
				8FABB8F9171349170065DD62 /* CatapultCenterViewController.m in Sources */,
				8FA1B30D171410CA00348996 /* CatapultCenterTableViewController.m in Sources */,
				8FA1B3101714119500348996 /* CatapultSettingsTableViewController.m in Sources */,
				8FA1B3131714128400348996 /* CatapultAccountsTableViewController.m in Sources */,
			);
			runOnlyForDeploymentPostprocessing = 0;
		};
/* End PBXSourcesBuildPhase section */

/* Begin PBXVariantGroup section */
		8F63B15317131D9500458200 /* InfoPlist.strings */ = {
			isa = PBXVariantGroup;
			children = (
				8F63B15417131D9500458200 /* en */,
			);
			name = InfoPlist.strings;
			sourceTree = "<group>";
		};
		8F63B16217131D9500458200 /* MainStoryboard.storyboard */ = {
			isa = PBXVariantGroup;
			children = (
				8F63B16317131D9500458200 /* en */,
			);
			name = MainStoryboard.storyboard;
			sourceTree = "<group>";
		};
/* End PBXVariantGroup section */

/* Begin XCBuildConfiguration section */
		8F63B16817131D9500458200 /* Debug */ = {
			isa = XCBuildConfiguration;
			buildSettings = {
				ALWAYS_SEARCH_USER_PATHS = NO;
				CLANG_CXX_LANGUAGE_STANDARD = "gnu++0x";
				CLANG_CXX_LIBRARY = "libc++";
				CLANG_ENABLE_OBJC_ARC = YES;
				CLANG_WARN_CONSTANT_CONVERSION = YES;
				CLANG_WARN_EMPTY_BODY = YES;
				CLANG_WARN_ENUM_CONVERSION = YES;
				CLANG_WARN_INT_CONVERSION = YES;
				CLANG_WARN__DUPLICATE_METHOD_MATCH = YES;
				"CODE_SIGN_IDENTITY[sdk=iphoneos*]" = "iPhone Developer";
				COPY_PHASE_STRIP = NO;
				GCC_C_LANGUAGE_STANDARD = gnu99;
				GCC_DYNAMIC_NO_PIC = NO;
				GCC_OPTIMIZATION_LEVEL = 0;
				GCC_PREPROCESSOR_DEFINITIONS = (
					"DEBUG=1",
					"$(inherited)",
				);
				GCC_SYMBOLS_PRIVATE_EXTERN = NO;
				GCC_WARN_ABOUT_RETURN_TYPE = YES;
				GCC_WARN_UNINITIALIZED_AUTOS = YES;
				GCC_WARN_UNUSED_VARIABLE = YES;
				IPHONEOS_DEPLOYMENT_TARGET = 6.1;
				ONLY_ACTIVE_ARCH = YES;
				SDKROOT = iphoneos;
			};
			name = Debug;
		};
		8F63B16917131D9500458200 /* Release */ = {
			isa = XCBuildConfiguration;
			buildSettings = {
				ALWAYS_SEARCH_USER_PATHS = NO;
				CLANG_CXX_LANGUAGE_STANDARD = "gnu++0x";
				CLANG_CXX_LIBRARY = "libc++";
				CLANG_ENABLE_OBJC_ARC = YES;
				CLANG_WARN_CONSTANT_CONVERSION = YES;
				CLANG_WARN_EMPTY_BODY = YES;
				CLANG_WARN_ENUM_CONVERSION = YES;
				CLANG_WARN_INT_CONVERSION = YES;
				CLANG_WARN__DUPLICATE_METHOD_MATCH = YES;
				"CODE_SIGN_IDENTITY[sdk=iphoneos*]" = "iPhone Developer";
				COPY_PHASE_STRIP = YES;
				GCC_C_LANGUAGE_STANDARD = gnu99;
				GCC_WARN_ABOUT_RETURN_TYPE = YES;
				GCC_WARN_UNINITIALIZED_AUTOS = YES;
				GCC_WARN_UNUSED_VARIABLE = YES;
				IPHONEOS_DEPLOYMENT_TARGET = 6.1;
				OTHER_CFLAGS = "-DNS_BLOCK_ASSERTIONS=1";
				SDKROOT = iphoneos;
				VALIDATE_PRODUCT = YES;
			};
			name = Release;
		};
		8F63B16B17131D9500458200 /* Debug */ = {
			isa = XCBuildConfiguration;
			buildSettings = {
				GCC_PRECOMPILE_PREFIX_HEADER = YES;
				GCC_PREFIX_HEADER = "Catapult/Catapult-Prefix.pch";
				INFOPLIST_FILE = "Catapult/Catapult-Info.plist";
				PRODUCT_NAME = "$(TARGET_NAME)";
				WRAPPER_EXTENSION = app;
			};
			name = Debug;
		};
		8F63B16C17131D9500458200 /* Release */ = {
			isa = XCBuildConfiguration;
			buildSettings = {
				GCC_PRECOMPILE_PREFIX_HEADER = YES;
				GCC_PREFIX_HEADER = "Catapult/Catapult-Prefix.pch";
				INFOPLIST_FILE = "Catapult/Catapult-Info.plist";
				PRODUCT_NAME = "$(TARGET_NAME)";
				WRAPPER_EXTENSION = app;
			};
			name = Release;
		};
/* End XCBuildConfiguration section */

/* Begin XCConfigurationList section */
		8F63B14217131D9500458200 /* Build configuration list for PBXProject "Catapult" */ = {
			isa = XCConfigurationList;
			buildConfigurations = (
				8F63B16817131D9500458200 /* Debug */,
				8F63B16917131D9500458200 /* Release */,
			);
			defaultConfigurationIsVisible = 0;
			defaultConfigurationName = Release;
		};
		8F63B16A17131D9500458200 /* Build configuration list for PBXNativeTarget "Catapult" */ = {
			isa = XCConfigurationList;
			buildConfigurations = (
				8F63B16B17131D9500458200 /* Debug */,
				8F63B16C17131D9500458200 /* Release */,
			);
			defaultConfigurationIsVisible = 0;
			defaultConfigurationName = Release;
		};
/* End XCConfigurationList section */
	};
	rootObject = 8F63B13F17131D9500458200 /* Project object */;
}
